
Microsoft Visual Studio Solution File, Format Version 12.00
# Visual Studio Version 17
VisualStudioVersion = 17.14.36401.2 d17.14
MinimumVisualStudioVersion = 10.0.40219.1
Project("{FAE04EC0-301F-11D3-BF4B-00C04F79EFBC}") = "AccountRegistration2", "AccountRegistration2\AccountRegistration2.csproj", "{D5A7FBC3-A663-45C8-9524-653630D1771C}"
EndProject
Global
	GlobalSection(SolutionConfigurationPlatforms) = preSolution
		Debug|Any CPU = Debug|Any CPU
		Release|Any CPU = Release|Any CPU
	EndGlobalSection
	GlobalSection(ProjectConfigurationPlatforms) = postSolution
		{D5A7FBC3-A663-45C8-9524-653630D1771C}.Debug|Any CPU.ActiveCfg = Debug|Any CPU
		{D5A7FBC3-A663-45C8-9524-653630D1771C}.Debug|Any CPU.Build.0 = Debug|Any CPU
		{D5A7FBC3-A663-45C8-9524-653630D1771C}.Release|Any CPU.ActiveCfg = Release|Any CPU
		{D5A7FBC3-A663-45C8-9524-653630D1771C}.Release|Any CPU.Build.0 = Release|Any CPU
	EndGlobalSection
	GlobalSection(SolutionProperties) = preSolution
		HideSolutionNode = FALSE
	EndGlobalSection
	GlobalSection(ExtensibilityGlobals) = postSolution
		SolutionGuid = {987D7310-9DF4-4705-B172-D4EA2EE0913A}
	EndGlobalSection
EndGlobal
